
Microsoft Visual Studio Solution File, Format Version 12.00
# Visual Studio Version 16
VisualStudioVersion = 16.0.29509.3
MinimumVisualStudioVersion = 10.0.40219.1
Project("{FAE04EC0-301F-11D3-BF4B-00C04F79EFBC}") = "Game2048", "Game2048\Game2048.csproj", "{B36AAB91-0D97-48E5-BDC0-432FD2CD5D44}"
EndProject
Global
	GlobalSection(SolutionConfigurationPlatforms) = preSolution
		Debug|Any CPU = Debug|Any CPU
		Release|Any CPU = Release|Any CPU
	EndGlobalSection
	GlobalSection(ProjectConfigurationPlatforms) = postSolution
		{B36AAB91-0D97-48E5-BDC0-432FD2CD5D44}.Debug|Any CPU.ActiveCfg = Debug|Any CPU
		{B36AAB91-0D97-48E5-BDC0-432FD2CD5D44}.Debug|Any CPU.Build.0 = Debug|Any CPU
		{B36AAB91-0D97-48E5-BDC0-432FD2CD5D44}.Release|Any CPU.ActiveCfg = Release|Any CPU
		{B36AAB91-0D97-48E5-BDC0-432FD2CD5D44}.Release|Any CPU.Build.0 = Release|Any CPU
	EndGlobalSection
	GlobalSection(SolutionProperties) = preSolution
		HideSolutionNode = FALSE
	EndGlobalSection
	GlobalSection(ExtensibilityGlobals) = postSolution
		SolutionGuid = {BF0EBA9B-B897-4F1B-A451-CD6CCDA58F41}
	EndGlobalSection
EndGlobal
